{
  "originHash" : "7bf89edd4e7e3a3c7d7b1e5a4ee82c540fe11d1ed9d7e9cb3eae3092f2d64dac",
  "pins" : [
    {
      "identity" : "swift-ascii",
      "kind" : "remoteSourceControl",
      "location" : "https://github.com/CorvidLabs/swift-ascii.git",
      "state" : {
        "revision" : "dd021eba6340508b85f9f515526e6d0813df3a68",
        "version" : "0.1.0"
      }
    },
    {
      "identity" : "swift-color",
      "kind" : "remoteSourceControl",
      "location" : "https://github.com/CorvidLabs/swift-color.git",
      "state" : {
        "revision" : "887c1cc6a85b3d416c092646ac21b904c2ef2972",
        "version" : "0.1.0"
      }
    },
    {
      "identity" : "swift-docc-plugin",
      "kind" : "remoteSourceControl",
      "location" : "https://github.com/swiftlang/swift-docc-plugin",
      "state" : {
        "revision" : "3e4f133a77e644a5812911a0513aeb7288b07d06",
        "version" : "1.4.5"
      }
    },
    {
      "identity" : "swift-docc-symbolkit",
      "kind" : "remoteSourceControl",
      "location" : "https://github.com/swiftlang/swift-docc-symbolkit",
      "state" : {
        "revision" : "b45d1f2ed151d057b54504d653e0da5552844e34",
        "version" : "1.0.0"
      }
    },
    {
      "identity" : "swift-hash",
      "kind" : "remoteSourceControl",
      "location" : "https://github.com/tayloraswift/swift-hash",
      "state" : {
        "revision" : "ea0b9fc3152ed5941dd82e4a01e65f99fe1a75d2",
        "version" : "0.7.1"
      }
    },
    {
      "identity" : "swift-png",
      "kind" : "remoteSourceControl",
      "location" : "https://github.com/tayloraswift/swift-png.git",
      "state" : {
        "revision" : "d444d98aa32f022bf4a8e74b5a697c7ee856a6ad",
        "version" : "4.4.9"
      }
    }
  ],
  "version" : 3
}
